{
  "name": "weitu-workbench-ui",
  "version": "1.0.0",
  "lockfileVersion": 1,
  "requires": true,
  "dependencies": {
    "@vant/area-data": {
      "version": "1.3.2",
      "resolved": "https://registry.npmjs.org/@vant/area-data/-/area-data-1.3.2.tgz",
      "integrity": "sha512-KHGvvIxApxCXDTzsh5hPsIVrF4ll5J3pNgYNL3lmNJxye7aWySK97EgXiprVee+FshVa1jVW4esJ7VyW0l94WQ=="
    },
    "@vant/weapp": {
      "version": "1.10.9",
      "resolved": "https://registry.npmjs.org/@vant/weapp/-/weapp-1.10.9.tgz",
      "integrity": "sha512-hFJ48SCSvRgcwT/9TcxwNnNnWSpy2BpaBfwQwVdU6uwgFH+2OqGL435VQN7EDpIMH8YjHbiM84hueTyxAzIPqQ=="
    }
  }
}
