{
  "name": "weitu-ui",
  "version": "1.0.0",
  "lockfileVersion": 1,
  "requires": true,
  "dependencies": {
    "@vant/weapp": {
      "version": "1.10.9",
      "resolved": "https://registry.npmjs.org/@vant/weapp/-/weapp-1.10.9.tgz",
      "integrity": "sha512-hFJ48SCSvRgcwT/9TcxwNnNnWSpy2BpaBfwQwVdU6uwgFH+2OqGL435VQN7EDpIMH8YjHbiM84hueTyxAzIPqQ=="
    }
  }
}
